{
  "version": 4,
  "terraform_version": "1.3.6",
  "serial": 28,
  "lineage": "b8877726-08b5-9cb7-1925-16780c3fd1b7",
  "outputs": {
    "azure_public_ip": {
      "value": "20.100.179.36",
      "type": "string"
    }
  },
  "resources": [
    {
      "mode": "managed",
      "type": "azurerm_linux_virtual_machine",
      "name": "main",
      "provider": "provider[\"registry.terraform.io/hashicorp/azurerm\"]",
      "instances": [
        {
          "schema_version": 0,
          "attributes": {
            "additional_capabilities": [],
            "admin_password": null,
            "admin_ssh_key": [
              {
                "public_key": "ssh-rsa AAAAB3NzaC1yc2EAAAADAQABAAABgQC4NZfepveVIbxojNf0r0Az7xboL4293v2E7FmstUrbDP+ojn2jq58UdOGMx0+MbiqOmodZbRm0GKpB8o3KQVUqoqCpqAjMKkGRTsgeCw9I66VGZ10pdTOU/yWB6H/gG1tM6Di0cTCmORyNzjvafs4QcWY/+Y98sOzZmX4/l+iGgl8U3f2mtKSaCnBqj8oA4KQUQzGqtXNIpT5ONBtHobm0P5AWe7qDERYdph1GRXEmrudbHDWosC2Wqs8YuyLOtm9rkpCkBYK2q4LgeROvHR7iy5Iz8XF0GNmZGjq4jTeqMxAaJxp2k3NU+Yyt4EU9HWLM9ROrnVHcFZcHLpPV7fSICL4eXD1ZHLfgl7Rr7DHnsIZ7QnIt1BIO1DMzukqwsdkZgiFE4+SGF1UKbzxPv0nW/wVMknm/IxLFHJhOxgND9NTlwI1ZjbYHKsBkfPjY9NPlXOpjlR7S8Lg/xo9jP+be3DbwhnkkX3aZ4IWz8IJgZs86SsQ8n0pZmcyJ4MndcX8= zen@ZEN-PC\n",
                "username": "ubuntu"
              }
            ],
            "admin_username": "ubuntu",
            "allow_extension_operations": true,
            "availability_set_id": "",
            "boot_diagnostics": [],
            "capacity_reservation_group_id": "",
            "computer_name": "grafana-vm",
            "custom_data": "IyEvYmluL2Jhc2gKc3VkbyBhcHQtZ2V0IGluc3RhbGwgLXkgYXB0LXRyYW5zcG9ydC1odHRwcwpzdWRvIGFwdC1nZXQgaW5zdGFsbCAteSBzb2Z0d2FyZS1wcm9wZXJ0aWVzLWNvbW1vbiB3Z2V0CnN1ZG8gd2dldCAtcSAtTyAvdXNyL3NoYXJlL2tleXJpbmdzL2dyYWZhbmEua2V5IGh0dHBzOi8vYXB0LmdyYWZhbmEuY29tL2dwZy5rZXkKZWNobyAiZGViIFtzaWduZWQtYnk9L3Vzci9zaGFyZS9rZXlyaW5ncy9ncmFmYW5hLmtleV0gaHR0cHM6Ly9hcHQuZ3JhZmFuYS5jb20gc3RhYmxlIG1haW4iIHwgc3VkbyB0ZWUgLWEgL2V0Yy9hcHQvc291cmNlcy5saXN0LmQvZ3JhZmFuYS5saXN0CnN1ZG8gYXB0LWdldCB1cGRhdGUKIyBJbnN0YWxsIHRoZSBsYXRlc3QgT1NTIHJlbGVhc2U6CnN1ZG8gYXB0LWdldCBpbnN0YWxsIC15IGdyYWZhbmEKc3VkbyBzeXN0ZW1jdGwgZGFlbW9uLXJlbG9hZApzdWRvIHN5c3RlbWN0bCBzdGFydCBncmFmYW5hLXNlcnZlcgpzdWRvIHN5c3RlbWN0bCBlbmFibGUgZ3JhZmFuYS1zZXJ2ZXIuc2VydmljZQo=",
            "dedicated_host_group_id": "",
            "dedicated_host_id": "",
            "disable_password_authentication": true,
            "edge_zone": "",
            "encryption_at_host_enabled": false,
            "eviction_policy": "",
            "extensions_time_budget": "PT1H30M",
            "gallery_application": [],
            "id": "/subscriptions/3593a8a7-540c-4b94-966a-0212386a336c/resourceGroups/grafana-resources/providers/Microsoft.Compute/virtualMachines/grafana-vm",
            "identity": [],
            "license_type": "",
            "location": "norwayeast",
            "max_bid_price": -1,
            "name": "grafana-vm",
            "network_interface_ids": [
              "/subscriptions/3593a8a7-540c-4b94-966a-0212386a336c/resourceGroups/grafana-resources/providers/Microsoft.Network/networkInterfaces/grafana-nic"
            ],
            "os_disk": [
              {
                "caching": "ReadWrite",
                "diff_disk_settings": [],
                "disk_encryption_set_id": "",
                "disk_size_gb": 30,
                "name": "grafana-vm_OsDisk_1_5fc1a624fcd74b7cb89c92b0463300c8",
                "secure_vm_disk_encryption_set_id": "",
                "security_encryption_type": "",
                "storage_account_type": "Standard_LRS",
                "write_accelerator_enabled": false
              }
            ],
            "patch_assessment_mode": "ImageDefault",
            "patch_mode": "ImageDefault",
            "plan": [],
            "platform_fault_domain": -1,
            "priority": "Regular",
            "private_ip_address": "10.0.2.4",
            "private_ip_addresses": [
              "10.0.2.4"
            ],
            "provision_vm_agent": true,
            "proximity_placement_group_id": "",
            "public_ip_address": "20.100.179.36",
            "public_ip_addresses": [
              "20.100.179.36"
            ],
            "resource_group_name": "grafana-resources",
            "secret": [],
            "secure_boot_enabled": false,
            "size": "Standard_D2s_v3",
            "source_image_id": "",
            "source_image_reference": [
              {
                "offer": "UbuntuServer",
                "publisher": "Canonical",
                "sku": "18.04-LTS",
                "version": "latest"
              }
            ],
            "tags": {},
            "termination_notification": [],
            "timeouts": null,
            "user_data": "",
            "virtual_machine_id": "c4a5b0f8-c0f3-4149-ba4b-a29800adc7ba",
            "virtual_machine_scale_set_id": "",
            "vtpm_enabled": false,
            "zone": ""
          },
          "sensitive_attributes": [],
          "private": "eyJlMmJmYjczMC1lY2FhLTExZTYtOGY4OC0zNDM2M2JjN2M0YzAiOnsiY3JlYXRlIjoyNzAwMDAwMDAwMDAwLCJkZWxldGUiOjI3MDAwMDAwMDAwMDAsInJlYWQiOjMwMDAwMDAwMDAwMCwidXBkYXRlIjoyNzAwMDAwMDAwMDAwfX0=",
          "dependencies": [
            "azurerm_network_interface.main",
            "azurerm_public_ip.main",
            "azurerm_resource_group.main",
            "azurerm_subnet.internal",
            "azurerm_virtual_network.main"
          ]
        }
      ]
    },
    {
      "mode": "managed",
      "type": "azurerm_network_interface",
      "name": "main",
      "provider": "provider[\"registry.terraform.io/hashicorp/azurerm\"]",
      "instances": [
        {
          "schema_version": 0,
          "attributes": {
            "applied_dns_servers": [],
            "dns_servers": [],
            "edge_zone": "",
            "enable_accelerated_networking": false,
            "enable_ip_forwarding": false,
            "id": "/subscriptions/3593a8a7-540c-4b94-966a-0212386a336c/resourceGroups/grafana-resources/providers/Microsoft.Network/networkInterfaces/grafana-nic",
            "internal_dns_name_label": "",
            "internal_domain_name_suffix": "0hrugvn3co4ezbf3zjoswfwjgh.oslx.internal.cloudapp.net",
            "ip_configuration": [
              {
                "gateway_load_balancer_frontend_ip_configuration_id": "",
                "name": "internal",
                "primary": true,
                "private_ip_address": "10.0.2.4",
                "private_ip_address_allocation": "Dynamic",
                "private_ip_address_version": "IPv4",
                "public_ip_address_id": "/subscriptions/3593a8a7-540c-4b94-966a-0212386a336c/resourceGroups/grafana-resources/providers/Microsoft.Network/publicIPAddresses/grafana-pip",
                "subnet_id": "/subscriptions/3593a8a7-540c-4b94-966a-0212386a336c/resourceGroups/grafana-resources/providers/Microsoft.Network/virtualNetworks/grafana-network/subnets/internal"
              }
            ],
            "location": "norwayeast",
            "mac_address": "60-45-BD-EA-F3-2A",
            "name": "grafana-nic",
            "private_ip_address": "10.0.2.4",
            "private_ip_addresses": [
              "10.0.2.4"
            ],
            "resource_group_name": "grafana-resources",
            "tags": {},
            "timeouts": null,
            "virtual_machine_id": "/subscriptions/3593a8a7-540c-4b94-966a-0212386a336c/resourceGroups/grafana-resources/providers/Microsoft.Compute/virtualMachines/grafana-vm"
          },
          "sensitive_attributes": [],
          "private": "eyJlMmJmYjczMC1lY2FhLTExZTYtOGY4OC0zNDM2M2JjN2M0YzAiOnsiY3JlYXRlIjoxODAwMDAwMDAwMDAwLCJkZWxldGUiOjE4MDAwMDAwMDAwMDAsInJlYWQiOjMwMDAwMDAwMDAwMCwidXBkYXRlIjoxODAwMDAwMDAwMDAwfX0=",
          "dependencies": [
            "azurerm_public_ip.main",
            "azurerm_resource_group.main",
            "azurerm_subnet.internal",
            "azurerm_virtual_network.main"
          ]
        }
      ]
    },
    {
      "mode": "managed",
      "type": "azurerm_network_security_group",
      "name": "example",
      "provider": "provider[\"registry.terraform.io/hashicorp/azurerm\"]",
      "instances": [
        {
          "schema_version": 0,
          "attributes": {
            "id": "/subscriptions/3593a8a7-540c-4b94-966a-0212386a336c/resourceGroups/grafana-resources/providers/Microsoft.Network/networkSecurityGroups/acceptanceTestSecurityGroup1",
            "location": "norwayeast",
            "name": "acceptanceTestSecurityGroup1",
            "resource_group_name": "grafana-resources",
            "security_rule": [
              {
                "access": "Allow",
                "description": "",
                "destination_address_prefix": "*",
                "destination_address_prefixes": [],
                "destination_application_security_group_ids": [],
                "destination_port_range": "22",
                "destination_port_ranges": [],
                "direction": "Inbound",
                "name": "ssh",
                "priority": 100,
                "protocol": "Tcp",
                "source_address_prefix": "*",
                "source_address_prefixes": [],
                "source_application_security_group_ids": [],
                "source_port_range": "*",
                "source_port_ranges": []
              },
              {
                "access": "Allow",
                "description": "",
                "destination_address_prefix": "*",
                "destination_address_prefixes": [],
                "destination_application_security_group_ids": [],
                "destination_port_range": "3000",
                "destination_port_ranges": [],
                "direction": "Inbound",
                "name": "frafana",
                "priority": 200,
                "protocol": "Tcp",
                "source_address_prefix": "*",
                "source_address_prefixes": [],
                "source_application_security_group_ids": [],
                "source_port_range": "*",
                "source_port_ranges": []
              }
            ],
            "tags": {
              "environment": "Production"
            },
            "timeouts": null
          },
          "sensitive_attributes": [],
          "private": "eyJlMmJmYjczMC1lY2FhLTExZTYtOGY4OC0zNDM2M2JjN2M0YzAiOnsiY3JlYXRlIjoxODAwMDAwMDAwMDAwLCJkZWxldGUiOjE4MDAwMDAwMDAwMDAsInJlYWQiOjMwMDAwMDAwMDAwMCwidXBkYXRlIjoxODAwMDAwMDAwMDAwfX0=",
          "dependencies": [
            "azurerm_resource_group.main"
          ]
        }
      ]
    },
    {
      "mode": "managed",
      "type": "azurerm_public_ip",
      "name": "main",
      "provider": "provider[\"registry.terraform.io/hashicorp/azurerm\"]",
      "instances": [
        {
          "schema_version": 0,
          "attributes": {
            "allocation_method": "Dynamic",
            "ddos_protection_mode": "VirtualNetworkInherited",
            "ddos_protection_plan_id": null,
            "domain_name_label": null,
            "edge_zone": "",
            "fqdn": null,
            "id": "/subscriptions/3593a8a7-540c-4b94-966a-0212386a336c/resourceGroups/grafana-resources/providers/Microsoft.Network/publicIPAddresses/grafana-pip",
            "idle_timeout_in_minutes": 4,
            "ip_address": "20.100.179.36",
            "ip_tags": {},
            "ip_version": "IPv4",
            "location": "norwayeast",
            "name": "grafana-pip",
            "public_ip_prefix_id": null,
            "resource_group_name": "grafana-resources",
            "reverse_fqdn": null,
            "sku": "Basic",
            "sku_tier": "Regional",
            "tags": {},
            "timeouts": null,
            "zones": []
          },
          "sensitive_attributes": [],
          "private": "eyJlMmJmYjczMC1lY2FhLTExZTYtOGY4OC0zNDM2M2JjN2M0YzAiOnsiY3JlYXRlIjoxODAwMDAwMDAwMDAwLCJkZWxldGUiOjE4MDAwMDAwMDAwMDAsInJlYWQiOjMwMDAwMDAwMDAwMCwidXBkYXRlIjoxODAwMDAwMDAwMDAwfX0=",
          "dependencies": [
            "azurerm_resource_group.main"
          ]
        }
      ]
    },
    {
      "mode": "managed",
      "type": "azurerm_resource_group",
      "name": "main",
      "provider": "provider[\"registry.terraform.io/hashicorp/azurerm\"]",
      "instances": [
        {
          "schema_version": 0,
          "attributes": {
            "id": "/subscriptions/3593a8a7-540c-4b94-966a-0212386a336c/resourceGroups/grafana-resources",
            "location": "norwayeast",
            "name": "grafana-resources",
            "tags": {},
            "timeouts": null
          },
          "sensitive_attributes": [],
          "private": "eyJlMmJmYjczMC1lY2FhLTExZTYtOGY4OC0zNDM2M2JjN2M0YzAiOnsiY3JlYXRlIjo1NDAwMDAwMDAwMDAwLCJkZWxldGUiOjU0MDAwMDAwMDAwMDAsInJlYWQiOjMwMDAwMDAwMDAwMCwidXBkYXRlIjo1NDAwMDAwMDAwMDAwfX0="
        }
      ]
    },
    {
      "mode": "managed",
      "type": "azurerm_subnet",
      "name": "internal",
      "provider": "provider[\"registry.terraform.io/hashicorp/azurerm\"]",
      "instances": [
        {
          "schema_version": 0,
          "attributes": {
            "address_prefixes": [
              "10.0.2.0/24"
            ],
            "delegation": [],
            "enforce_private_link_endpoint_network_policies": false,
            "enforce_private_link_service_network_policies": false,
            "id": "/subscriptions/3593a8a7-540c-4b94-966a-0212386a336c/resourceGroups/grafana-resources/providers/Microsoft.Network/virtualNetworks/grafana-network/subnets/internal",
            "name": "internal",
            "private_endpoint_network_policies_enabled": true,
            "private_link_service_network_policies_enabled": true,
            "resource_group_name": "grafana-resources",
            "service_endpoint_policy_ids": [],
            "service_endpoints": [],
            "timeouts": null,
            "virtual_network_name": "grafana-network"
          },
          "sensitive_attributes": [],
          "private": "eyJlMmJmYjczMC1lY2FhLTExZTYtOGY4OC0zNDM2M2JjN2M0YzAiOnsiY3JlYXRlIjoxODAwMDAwMDAwMDAwLCJkZWxldGUiOjE4MDAwMDAwMDAwMDAsInJlYWQiOjMwMDAwMDAwMDAwMCwidXBkYXRlIjoxODAwMDAwMDAwMDAwfX0=",
          "dependencies": [
            "azurerm_resource_group.main",
            "azurerm_virtual_network.main"
          ]
        }
      ]
    },
    {
      "mode": "managed",
      "type": "azurerm_virtual_network",
      "name": "main",
      "provider": "provider[\"registry.terraform.io/hashicorp/azurerm\"]",
      "instances": [
        {
          "schema_version": 0,
          "attributes": {
            "address_space": [
              "10.0.0.0/16"
            ],
            "bgp_community": "",
            "ddos_protection_plan": [],
            "dns_servers": [],
            "edge_zone": "",
            "flow_timeout_in_minutes": 0,
            "guid": "5543e3d1-13bd-4cbc-84bd-ca5d2b16c937",
            "id": "/subscriptions/3593a8a7-540c-4b94-966a-0212386a336c/resourceGroups/grafana-resources/providers/Microsoft.Network/virtualNetworks/grafana-network",
            "location": "norwayeast",
            "name": "grafana-network",
            "resource_group_name": "grafana-resources",
            "subnet": [
              {
                "address_prefix": "10.0.2.0/24",
                "id": "/subscriptions/3593a8a7-540c-4b94-966a-0212386a336c/resourceGroups/grafana-resources/providers/Microsoft.Network/virtualNetworks/grafana-network/subnets/internal",
                "name": "internal",
                "security_group": ""
              }
            ],
            "tags": {},
            "timeouts": null
          },
          "sensitive_attributes": [],
          "private": "eyJlMmJmYjczMC1lY2FhLTExZTYtOGY4OC0zNDM2M2JjN2M0YzAiOnsiY3JlYXRlIjoxODAwMDAwMDAwMDAwLCJkZWxldGUiOjE4MDAwMDAwMDAwMDAsInJlYWQiOjMwMDAwMDAwMDAwMCwidXBkYXRlIjoxODAwMDAwMDAwMDAwfX0=",
          "dependencies": [
            "azurerm_resource_group.main"
          ]
        }
      ]
    }
  ],
  "check_results": null
}
